
Microsoft Visual Studio Solution File, Format Version 12.00
# Visual Studio Version 17
VisualStudioVersion = 17.9.34723.18
MinimumVisualStudioVersion = 10.0.40219.1
Project("{FAE04EC0-301F-11D3-BF4B-00C04F79EFBC}") = "EmployeeData", "EmployeeData\EmployeeData.csproj", "{2503D638-674D-41AD-8966-C1F1FAF4710A}"
EndProject
Project("{FAE04EC0-301F-11D3-BF4B-00C04F79EFBC}") = "Employee.Business", "Employee.Business\Employee.Business.csproj", "{A2B4F1CE-789D-45FD-AD74-3DBBBC3F1BDF}"
EndProject
Project("{FAE04EC0-301F-11D3-BF4B-00C04F79EFBC}") = "Employee.Model", "Employee.Model\Employee.Model.csproj", "{49D97C67-08CB-413F-8721-623B96692C48}"
EndProject
Global
	GlobalSection(SolutionConfigurationPlatforms) = preSolution
		Debug|Any CPU = Debug|Any CPU
		Release|Any CPU = Release|Any CPU
	EndGlobalSection
	GlobalSection(ProjectConfigurationPlatforms) = postSolution
		{2503D638-674D-41AD-8966-C1F1FAF4710A}.Debug|Any CPU.ActiveCfg = Debug|Any CPU
		{2503D638-674D-41AD-8966-C1F1FAF4710A}.Debug|Any CPU.Build.0 = Debug|Any CPU
		{2503D638-674D-41AD-8966-C1F1FAF4710A}.Release|Any CPU.ActiveCfg = Release|Any CPU
		{2503D638-674D-41AD-8966-C1F1FAF4710A}.Release|Any CPU.Build.0 = Release|Any CPU
		{A2B4F1CE-789D-45FD-AD74-3DBBBC3F1BDF}.Debug|Any CPU.ActiveCfg = Debug|Any CPU
		{A2B4F1CE-789D-45FD-AD74-3DBBBC3F1BDF}.Debug|Any CPU.Build.0 = Debug|Any CPU
		{A2B4F1CE-789D-45FD-AD74-3DBBBC3F1BDF}.Release|Any CPU.ActiveCfg = Release|Any CPU
		{A2B4F1CE-789D-45FD-AD74-3DBBBC3F1BDF}.Release|Any CPU.Build.0 = Release|Any CPU
		{49D97C67-08CB-413F-8721-623B96692C48}.Debug|Any CPU.ActiveCfg = Debug|Any CPU
		{49D97C67-08CB-413F-8721-623B96692C48}.Debug|Any CPU.Build.0 = Debug|Any CPU
		{49D97C67-08CB-413F-8721-623B96692C48}.Release|Any CPU.ActiveCfg = Release|Any CPU
		{49D97C67-08CB-413F-8721-623B96692C48}.Release|Any CPU.Build.0 = Release|Any CPU
	EndGlobalSection
	GlobalSection(SolutionProperties) = preSolution
		HideSolutionNode = FALSE
	EndGlobalSection
	GlobalSection(ExtensibilityGlobals) = postSolution
		SolutionGuid = {E1A95531-F649-4D43-A02D-927FCBFF51B2}
	EndGlobalSection
EndGlobal
